
Microsoft Visual Studio Solution File, Format Version 12.00
# Visual Studio Version 17
VisualStudioVersion = 17.4.33122.133
MinimumVisualStudioVersion = 10.0.40219.1
Project("{9A19103F-16F7-4668-BE54-9A1E7A4F7556}") = "Company.Api", "Company.Api\Company.Api.csproj", "{D7D1897E-2964-4320-818C-4022DBE32B07}"
EndProject
Project("{9A19103F-16F7-4668-BE54-9A1E7A4F7556}") = "Company.Common", "Company.Common\Company.Common.csproj", "{CFAD6346-7895-45EC-8B6C-37813466BDDB}"
EndProject
Project("{9A19103F-16F7-4668-BE54-9A1E7A4F7556}") = "Company.Data", "Company.Data\Company.Data.csproj", "{C1A56F76-7FE4-4985-AD7F-229B5E812FE0}"
EndProject
Global
	GlobalSection(SolutionConfigurationPlatforms) = preSolution
		Debug|Any CPU = Debug|Any CPU
		Release|Any CPU = Release|Any CPU
	EndGlobalSection
	GlobalSection(ProjectConfigurationPlatforms) = postSolution
		{D7D1897E-2964-4320-818C-4022DBE32B07}.Debug|Any CPU.ActiveCfg = Debug|Any CPU
		{D7D1897E-2964-4320-818C-4022DBE32B07}.Debug|Any CPU.Build.0 = Debug|Any CPU
		{D7D1897E-2964-4320-818C-4022DBE32B07}.Release|Any CPU.ActiveCfg = Release|Any CPU
		{D7D1897E-2964-4320-818C-4022DBE32B07}.Release|Any CPU.Build.0 = Release|Any CPU
		{CFAD6346-7895-45EC-8B6C-37813466BDDB}.Debug|Any CPU.ActiveCfg = Debug|Any CPU
		{CFAD6346-7895-45EC-8B6C-37813466BDDB}.Debug|Any CPU.Build.0 = Debug|Any CPU
		{CFAD6346-7895-45EC-8B6C-37813466BDDB}.Release|Any CPU.ActiveCfg = Release|Any CPU
		{CFAD6346-7895-45EC-8B6C-37813466BDDB}.Release|Any CPU.Build.0 = Release|Any CPU
		{C1A56F76-7FE4-4985-AD7F-229B5E812FE0}.Debug|Any CPU.ActiveCfg = Debug|Any CPU
		{C1A56F76-7FE4-4985-AD7F-229B5E812FE0}.Debug|Any CPU.Build.0 = Debug|Any CPU
		{C1A56F76-7FE4-4985-AD7F-229B5E812FE0}.Release|Any CPU.ActiveCfg = Release|Any CPU
		{C1A56F76-7FE4-4985-AD7F-229B5E812FE0}.Release|Any CPU.Build.0 = Release|Any CPU
	EndGlobalSection
	GlobalSection(SolutionProperties) = preSolution
		HideSolutionNode = FALSE
	EndGlobalSection
	GlobalSection(ExtensibilityGlobals) = postSolution
		SolutionGuid = {2BD0310B-4095-42FF-9E76-89C0205DDE39}
	EndGlobalSection
EndGlobal
